{
  "name": "ssm-session-manager",
  "lockfileVersion": 3,
  "requires": true,
  "packages": {
    "": {
      "workspaces": [
        "packages/*"
      ],
      "version": "0.0.2"
    },
    "node_modules/smux": {
      "resolved": "packages/smux",
      "link": true
    },
    "packages/smux": {
      "version": "0.1.0",
      "license": "MIT"
    }
  },
  "version": "0.0.2"
}
